
Microsoft Visual Studio Solution File, Format Version 12.00
# Visual Studio Version 16
VisualStudioVersion = 16.0.31613.86
MinimumVisualStudioVersion = 10.0.40219.1
Project("{F184B08F-C81C-45F6-A57F-5ABD9991F28F}") = "201904030_TP2", "201904030_TP2.vbproj", "{1613A8BF-1CA2-4F6B-BA25-85F2AEFE40DC}"
EndProject
Global
	GlobalSection(SolutionConfigurationPlatforms) = preSolution
		Debug|Any CPU = Debug|Any CPU
		Release|Any CPU = Release|Any CPU
	EndGlobalSection
	GlobalSection(ProjectConfigurationPlatforms) = postSolution
		{1613A8BF-1CA2-4F6B-BA25-85F2AEFE40DC}.Debug|Any CPU.ActiveCfg = Debug|Any CPU
		{1613A8BF-1CA2-4F6B-BA25-85F2AEFE40DC}.Debug|Any CPU.Build.0 = Debug|Any CPU
		{1613A8BF-1CA2-4F6B-BA25-85F2AEFE40DC}.Release|Any CPU.ActiveCfg = Release|Any CPU
		{1613A8BF-1CA2-4F6B-BA25-85F2AEFE40DC}.Release|Any CPU.Build.0 = Release|Any CPU
	EndGlobalSection
	GlobalSection(SolutionProperties) = preSolution
		HideSolutionNode = FALSE
	EndGlobalSection
	GlobalSection(ExtensibilityGlobals) = postSolution
		SolutionGuid = {EB1CA914-FF9C-41F4-A5EA-41CED505F6DF}
	EndGlobalSection
EndGlobal
